
Microsoft Visual Studio Solution File, Format Version 12.00
# Visual Studio Version 16
VisualStudioVersion = 16.0.30011.22
MinimumVisualStudioVersion = 10.0.40219.1
Project("{FAE04EC0-301F-11D3-BF4B-00C04F79EFBC}") = "Blackjack", "Blackjack\Blackjack.csproj", "{966F4F74-0C58-4B3A-A98A-FCE9297A76F6}"
EndProject
Global
	GlobalSection(SolutionConfigurationPlatforms) = preSolution
		Debug|Any CPU = Debug|Any CPU
		Release|Any CPU = Release|Any CPU
	EndGlobalSection
	GlobalSection(ProjectConfigurationPlatforms) = postSolution
		{966F4F74-0C58-4B3A-A98A-FCE9297A76F6}.Debug|Any CPU.ActiveCfg = Debug|Any CPU
		{966F4F74-0C58-4B3A-A98A-FCE9297A76F6}.Debug|Any CPU.Build.0 = Debug|Any CPU
		{966F4F74-0C58-4B3A-A98A-FCE9297A76F6}.Release|Any CPU.ActiveCfg = Release|Any CPU
		{966F4F74-0C58-4B3A-A98A-FCE9297A76F6}.Release|Any CPU.Build.0 = Release|Any CPU
	EndGlobalSection
	GlobalSection(SolutionProperties) = preSolution
		HideSolutionNode = FALSE
	EndGlobalSection
	GlobalSection(ExtensibilityGlobals) = postSolution
		SolutionGuid = {14D9F8A8-EFA0-41D1-AFA8-A3DA1730C06B}
	EndGlobalSection
EndGlobal
